
Microsoft Visual Studio Solution File, Format Version 12.00
# Visual Studio Version 17
VisualStudioVersion = 17.5.33516.290
MinimumVisualStudioVersion = 10.0.40219.1
Project("{9A19103F-16F7-4668-BE54-9A1E7A4F7556}") = "college_exam", "college_exam.csproj", "{854EE5AC-02EF-4B32-ADFC-C31A6A922895}"
EndProject
Global
	GlobalSection(SolutionConfigurationPlatforms) = preSolution
		Debug|Any CPU = Debug|Any CPU
		Release|Any CPU = Release|Any CPU
	EndGlobalSection
	GlobalSection(ProjectConfigurationPlatforms) = postSolution
		{854EE5AC-02EF-4B32-ADFC-C31A6A922895}.Debug|Any CPU.ActiveCfg = Debug|Any CPU
		{854EE5AC-02EF-4B32-ADFC-C31A6A922895}.Debug|Any CPU.Build.0 = Debug|Any CPU
		{854EE5AC-02EF-4B32-ADFC-C31A6A922895}.Release|Any CPU.ActiveCfg = Release|Any CPU
		{854EE5AC-02EF-4B32-ADFC-C31A6A922895}.Release|Any CPU.Build.0 = Release|Any CPU
	EndGlobalSection
	GlobalSection(SolutionProperties) = preSolution
		HideSolutionNode = FALSE
	EndGlobalSection
	GlobalSection(ExtensibilityGlobals) = postSolution
		SolutionGuid = {0FB5B6DB-7D2B-4623-9975-72BB77C4F7FF}
	EndGlobalSection
EndGlobal
